// !$*UTF8*$!
{
	archiveVersion = 1;
	classes = {
	};
	objectVersion = 46;
	objects = {

/* Begin PBXBuildFile section */
		83ED379A1F17B2EF004DB8C1 /* AppDelegate.swift in Sources */ = {isa = PBXBuildFile; fileRef = 83ED37991F17B2EF004DB8C1 /* AppDelegate.swift */; };
		83ED379C1F17B2EF004DB8C1 /* ViewController.swift in Sources */ = {isa = PBXBuildFile; fileRef = 83ED379B1F17B2EF004DB8C1 /* ViewController.swift */; };
		83ED379F1F17B2EF004DB8C1 /* Main.storyboard in Resources */ = {isa = PBXBuildFile; fileRef = 83ED379D1F17B2EF004DB8C1 /* Main.storyboard */; };
		83ED37A11F17B2EF004DB8C1 /* Assets.xcassets in Resources */ = {isa = PBXBuildFile; fileRef = 83ED37A01F17B2EF004DB8C1 /* Assets.xcassets */; };
		83ED37A41F17B2EF004DB8C1 /* LaunchScreen.storyboard in Resources */ = {isa = PBXBuildFile; fileRef = 83ED37A21F17B2EF004DB8C1 /* LaunchScreen.storyboard */; };
		83ED37AC1F18E7A7004DB8C1 /* start.txt in Resources */ = {isa = PBXBuildFile; fileRef = 83ED37AB1F18E7A7004DB8C1 /* start.txt */; };
/* End PBXBuildFile section */

/* Begin PBXFileReference section */
		83ED37961F17B2EF004DB8C1 /* Word Scramble.app */ = {isa = PBXFileReference; explicitFileType = wrapper.application; includeInIndex = 0; path = "Word Scramble.app"; sourceTree = BUILT_PRODUCTS_DIR; };
		83ED37991F17B2EF004DB8C1 /* AppDelegate.swift */ = {isa = PBXFileReference; lastKnownFileType = sourcecode.swift; path = AppDelegate.swift; sourceTree = "<group>"; };
		83ED379B1F17B2EF004DB8C1 /* ViewController.swift */ = {isa = PBXFileReference; lastKnownFileType = sourcecode.swift; path = ViewController.swift; sourceTree = "<group>"; };
		83ED379E1F17B2EF004DB8C1 /* Base */ = {isa = PBXFileReference; lastKnownFileType = file.storyboard; name = Base; path = Base.lproj/Main.storyboard; sourceTree = "<group>"; };
		83ED37A01F17B2EF004DB8C1 /* Assets.xcassets */ = {isa = PBXFileReference; lastKnownFileType = folder.assetcatalog; path = Assets.xcassets; sourceTree = "<group>"; };
		83ED37A31F17B2EF004DB8C1 /* Base */ = {isa = PBXFileReference; lastKnownFileType = file.storyboard; name = Base; path = Base.lproj/LaunchScreen.storyboard; sourceTree = "<group>"; };
		83ED37A51F17B2EF004DB8C1 /* Info.plist */ = {isa = PBXFileReference; lastKnownFileType = text.plist.xml; path = Info.plist; sourceTree = "<group>"; };
		83ED37AB1F18E7A7004DB8C1 /* start.txt */ = {isa = PBXFileReference; fileEncoding = 4; lastKnownFileType = text; path = start.txt; sourceTree = "<group>"; };
/* End PBXFileReference section */

/* Begin PBXFrameworksBuildPhase section */
		83ED37931F17B2EF004DB8C1 /* Frameworks */ = {
			isa = PBXFrameworksBuildPhase;
			buildActionMask = 2147483647;
			files = (
			);
			runOnlyForDeploymentPostprocessing = 0;
		};
/* End PBXFrameworksBuildPhase section */

/* Begin PBXGroup section */
		83ED378D1F17B2EF004DB8C1 = {
			isa = PBXGroup;
			children = (
				83ED37981F17B2EF004DB8C1 /* Word Scramble */,
				83ED37971F17B2EF004DB8C1 /* Products */,
			);
			sourceTree = "<group>";
		};
		83ED37971F17B2EF004DB8C1 /* Products */ = {
			isa = PBXGroup;
			children = (
				83ED37961F17B2EF004DB8C1 /* Word Scramble.app */,
			);
			name = Products;
			sourceTree = "<group>";
		};
		83ED37981F17B2EF004DB8C1 /* Word Scramble */ = {
			isa = PBXGroup;
			children = (
				83ED37991F17B2EF004DB8C1 /* AppDelegate.swift */,
				83ED379B1F17B2EF004DB8C1 /* ViewController.swift */,
				83ED379D1F17B2EF004DB8C1 /* Main.storyboard */,
				83ED37A01F17B2EF004DB8C1 /* Assets.xcassets */,
				83ED37A21F17B2EF004DB8C1 /* LaunchScreen.storyboard */,
				83ED37A51F17B2EF004DB8C1 /* Info.plist */,
				83ED37AB1F18E7A7004DB8C1 /* start.txt */,
			);
			path = "Word Scramble";
			sourceTree = "<group>";
		};
/* End PBXGroup section */

/* Begin PBXNativeTarget section */
		83ED37951F17B2EF004DB8C1 /* Word Scramble */ = {
			isa = PBXNativeTarget;
			buildConfigurationList = 83ED37A81F17B2EF004DB8C1 /* Build configuration list for PBXNativeTarget "Word Scramble" */;
			buildPhases = (
				83ED37921F17B2EF004DB8C1 /* Sources */,
				83ED37931F17B2EF004DB8C1 /* Frameworks */,
				83ED37941F17B2EF004DB8C1 /* Resources */,
			);
			buildRules = (
			);
			dependencies = (
			);
			name = "Word Scramble";
			productName = "Word Scramble";
			productReference = 83ED37961F17B2EF004DB8C1 /* Word Scramble.app */;
			productType = "com.apple.product-type.application";
		};
/* End PBXNativeTarget section */

/* Begin PBXProject section */
		83ED378E1F17B2EF004DB8C1 /* Project object */ = {
			isa = PBXProject;
			attributes = {
				LastSwiftUpdateCheck = 0830;
				LastUpgradeCheck = 0830;
				ORGANIZATIONNAME = "Sujanth Sebamalaithasan";
				TargetAttributes = {
					83ED37951F17B2EF004DB8C1 = {
						CreatedOnToolsVersion = 8.3.2;
						DevelopmentTeam = 7444ZHPYLX;
						ProvisioningStyle = Automatic;
					};
				};
			};
			buildConfigurationList = 83ED37911F17B2EF004DB8C1 /* Build configuration list for PBXProject "Word Scramble" */;
			compatibilityVersion = "Xcode 3.2";
			developmentRegion = English;
			hasScannedForEncodings = 0;
			knownRegions = (
				en,
				Base,
			);
			mainGroup = 83ED378D1F17B2EF004DB8C1;
			productRefGroup = 83ED37971F17B2EF004DB8C1 /* Products */;
			projectDirPath = "";
			projectRoot = "";
			targets = (
				83ED37951F17B2EF004DB8C1 /* Word Scramble */,
			);
		};
/* End PBXProject section */

/* Begin PBXResourcesBuildPhase section */
		83ED37941F17B2EF004DB8C1 /* Resources */ = {
			isa = PBXResourcesBuildPhase;
			buildActionMask = 2147483647;
			files = (
				83ED37A41F17B2EF004DB8C1 /* LaunchScreen.storyboard in Resources */,
				83ED37AC1F18E7A7004DB8C1 /* start.txt in Resources */,
				83ED37A11F17B2EF004DB8C1 /* Assets.xcassets in Resources */,
				83ED379F1F17B2EF004DB8C1 /* Main.storyboard in Resources */,
			);
			runOnlyForDeploymentPostprocessing = 0;
		};
/* End PBXResourcesBuildPhase section */

/* Begin PBXSourcesBuildPhase section */
		83ED37921F17B2EF004DB8C1 /* Sources */ = {
			isa = PBXSourcesBuildPhase;
			buildActionMask = 2147483647;
			files = (
				83ED379C1F17B2EF004DB8C1 /* ViewController.swift in Sources */,
				83ED379A1F17B2EF004DB8C1 /* AppDelegate.swift in Sources */,
			);
			runOnlyForDeploymentPostprocessing = 0;
		};
/* End PBXSourcesBuildPhase section */

/* Begin PBXVariantGroup section */
		83ED379D1F17B2EF004DB8C1 /* Main.storyboard */ = {
			isa = PBXVariantGroup;
			children = (
				83ED379E1F17B2EF004DB8C1 /* Base */,
			);
			name = Main.storyboard;
			sourceTree = "<group>";
		};
		83ED37A21F17B2EF004DB8C1 /* LaunchScreen.storyboard */ = {
			isa = PBXVariantGroup;
			children = (
				83ED37A31F17B2EF004DB8C1 /* Base */,
			);
			name = LaunchScreen.storyboard;
			sourceTree = "<group>";
		};
/* End PBXVariantGroup section */

/* Begin XCBuildConfiguration section */
		83ED37A61F17B2EF004DB8C1 /* Debug */ = {
			isa = XCBuildConfiguration;
			buildSettings = {
				ALWAYS_SEARCH_USER_PATHS = NO;
				CLANG_ANALYZER_NONNULL = YES;
				CLANG_ANALYZER_NUMBER_OBJECT_CONVERSION = YES_AGGRESSIVE;
				CLANG_CXX_LANGUAGE_STANDARD = "gnu++0x";
				CLANG_CXX_LIBRARY = "libc++";
				CLANG_ENABLE_MODULES = YES;
				CLANG_ENABLE_OBJC_ARC = YES;
				CLANG_WARN_BOOL_CONVERSION = YES;
				CLANG_WARN_CONSTANT_CONVERSION = YES;
				CLANG_WARN_DIRECT_OBJC_ISA_USAGE = YES_ERROR;
				CLANG_WARN_DOCUMENTATION_COMMENTS = YES;
				CLANG_WARN_EMPTY_BODY = YES;
				CLANG_WARN_ENUM_CONVERSION = YES;
				CLANG_WARN_INFINITE_RECURSION = YES;
				CLANG_WARN_INT_CONVERSION = YES;
				CLANG_WARN_OBJC_ROOT_CLASS = YES_ERROR;
				CLANG_WARN_SUSPICIOUS_MOVE = YES;
				CLANG_WARN_UNREACHABLE_CODE = YES;
				CLANG_WARN__DUPLICATE_METHOD_MATCH = YES;
				"CODE_SIGN_IDENTITY[sdk=iphoneos*]" = "iPhone Developer";
				COPY_PHASE_STRIP = NO;
				DEBUG_INFORMATION_FORMAT = dwarf;
				ENABLE_STRICT_OBJC_MSGSEND = YES;
				ENABLE_TESTABILITY = YES;
				GCC_C_LANGUAGE_STANDARD = gnu99;
				GCC_DYNAMIC_NO_PIC = NO;
				GCC_NO_COMMON_BLOCKS = YES;
				GCC_OPTIMIZATION_LEVEL = 0;
				GCC_PREPROCESSOR_DEFINITIONS = (
					"DEBUG=1",
					"$(inherited)",
				);
				GCC_WARN_64_TO_32_BIT_CONVERSION = YES;
				GCC_WARN_ABOUT_RETURN_TYPE = YES_ERROR;
				GCC_WARN_UNDECLARED_SELECTOR = YES;
				GCC_WARN_UNINITIALIZED_AUTOS = YES_AGGRESSIVE;
				GCC_WARN_UNUSED_FUNCTION = YES;
				GCC_WARN_UNUSED_VARIABLE = YES;
				IPHONEOS_DEPLOYMENT_TARGET = 10.3;
				MTL_ENABLE_DEBUG_INFO = YES;
				ONLY_ACTIVE_ARCH = YES;
				SDKROOT = iphoneos;
				SWIFT_ACTIVE_COMPILATION_CONDITIONS = DEBUG;
				SWIFT_OPTIMIZATION_LEVEL = "-Onone";
			};
			name = Debug;
		};
		83ED37A71F17B2EF004DB8C1 /* Release */ = {
			isa = XCBuildConfiguration;
			buildSettings = {
				ALWAYS_SEARCH_USER_PATHS = NO;
				CLANG_ANALYZER_NONNULL = YES;
				CLANG_ANALYZER_NUMBER_OBJECT_CONVERSION = YES_AGGRESSIVE;
				CLANG_CXX_LANGUAGE_STANDARD = "gnu++0x";
				CLANG_CXX_LIBRARY = "libc++";
				CLANG_ENABLE_MODULES = YES;
				CLANG_ENABLE_OBJC_ARC = YES;
				CLANG_WARN_BOOL_CONVERSION = YES;
				CLANG_WARN_CONSTANT_CONVERSION = YES;
				CLANG_WARN_DIRECT_OBJC_ISA_USAGE = YES_ERROR;
				CLANG_WARN_DOCUMENTATION_COMMENTS = YES;
				CLANG_WARN_EMPTY_BODY = YES;
				CLANG_WARN_ENUM_CONVERSION = YES;
				CLANG_WARN_INFINITE_RECURSION = YES;
				CLANG_WARN_INT_CONVERSION = YES;
				CLANG_WARN_OBJC_ROOT_CLASS = YES_ERROR;
				CLANG_WARN_SUSPICIOUS_MOVE = YES;
				CLANG_WARN_UNREACHABLE_CODE = YES;
				CLANG_WARN__DUPLICATE_METHOD_MATCH = YES;
				"CODE_SIGN_IDENTITY[sdk=iphoneos*]" = "iPhone Developer";
				COPY_PHASE_STRIP = NO;
				DEBUG_INFORMATION_FORMAT = "dwarf-with-dsym";
				ENABLE_NS_ASSERTIONS = NO;
				ENABLE_STRICT_OBJC_MSGSEND = YES;
				GCC_C_LANGUAGE_STANDARD = gnu99;
				GCC_NO_COMMON_BLOCKS = YES;
				GCC_WARN_64_TO_32_BIT_CONVERSION = YES;
				GCC_WARN_ABOUT_RETURN_TYPE = YES_ERROR;
				GCC_WARN_UNDECLARED_SELECTOR = YES;
				GCC_WARN_UNINITIALIZED_AUTOS = YES_AGGRESSIVE;
				GCC_WARN_UNUSED_FUNCTION = YES;
				GCC_WARN_UNUSED_VARIABLE = YES;
				IPHONEOS_DEPLOYMENT_TARGET = 10.3;
				MTL_ENABLE_DEBUG_INFO = NO;
				SDKROOT = iphoneos;
				SWIFT_OPTIMIZATION_LEVEL = "-Owholemodule";
				VALIDATE_PRODUCT = YES;
			};
			name = Release;
		};
		83ED37A91F17B2EF004DB8C1 /* Debug */ = {
			isa = XCBuildConfiguration;
			buildSettings = {
				ASSETCATALOG_COMPILER_APPICON_NAME = AppIcon;
				DEVELOPMENT_TEAM = 7444ZHPYLX;
				INFOPLIST_FILE = "Word Scramble/Info.plist";
				LD_RUNPATH_SEARCH_PATHS = "$(inherited) @executable_path/Frameworks";
				PRODUCT_BUNDLE_IDENTIFIER = "com.sujanth.Word-Scramble";
				PRODUCT_NAME = "$(TARGET_NAME)";
				SWIFT_VERSION = 3.0;
			};
			name = Debug;
		};
		83ED37AA1F17B2EF004DB8C1 /* Release */ = {
			isa = XCBuildConfiguration;
			buildSettings = {
				ASSETCATALOG_COMPILER_APPICON_NAME = AppIcon;
				DEVELOPMENT_TEAM = 7444ZHPYLX;
				INFOPLIST_FILE = "Word Scramble/Info.plist";
				LD_RUNPATH_SEARCH_PATHS = "$(inherited) @executable_path/Frameworks";
				PRODUCT_BUNDLE_IDENTIFIER = "com.sujanth.Word-Scramble";
				PRODUCT_NAME = "$(TARGET_NAME)";
				SWIFT_VERSION = 3.0;
			};
			name = Release;
		};
/* End XCBuildConfiguration section */

/* Begin XCConfigurationList section */
		83ED37911F17B2EF004DB8C1 /* Build configuration list for PBXProject "Word Scramble" */ = {
			isa = XCConfigurationList;
			buildConfigurations = (
				83ED37A61F17B2EF004DB8C1 /* Debug */,
				83ED37A71F17B2EF004DB8C1 /* Release */,
			);
			defaultConfigurationIsVisible = 0;
			defaultConfigurationName = Release;
		};
		83ED37A81F17B2EF004DB8C1 /* Build configuration list for PBXNativeTarget "Word Scramble" */ = {
			isa = XCConfigurationList;
			buildConfigurations = (
				83ED37A91F17B2EF004DB8C1 /* Debug */,
				83ED37AA1F17B2EF004DB8C1 /* Release */,
			);
			defaultConfigurationIsVisible = 0;
			defaultConfigurationName = Release;
		};
/* End XCConfigurationList section */
	};
	rootObject = 83ED378E1F17B2EF004DB8C1 /* Project object */;
}
